
Microsoft Visual Studio Solution File, Format Version 12.00
# Visual Studio 15
VisualStudioVersion = 15.0.28307.852
MinimumVisualStudioVersion = 10.0.40219.1
Project("{FAE04EC0-301F-11D3-BF4B-00C04F79EFBC}") = "Classes", "Zad1\Classes.csproj", "{BBF3FDE2-87A3-4392-8FB3-8CA91EB7F056}"
EndProject
Project("{9A19103F-16F7-4668-BE54-9A1E7A4F7556}") = "UnitTests", "UnitTests\UnitTests.csproj", "{65E65592-69F7-4F8E-812B-876A2F747C4B}"
EndProject
Project("{FAE04EC0-301F-11D3-BF4B-00C04F79EFBC}") = "SerializationModule", "SerializationModule\SerializationModule.csproj", "{AFA6E5B8-88F3-44C5-9623-657B9FBB16E2}"
EndProject
Project("{FAE04EC0-301F-11D3-BF4B-00C04F79EFBC}") = "SerializationConsole", "SerializationConsole\SerializationConsole.csproj", "{46E6D621-1E2D-4423-9D41-18138234F862}"
EndProject
Project("{FAE04EC0-301F-11D3-BF4B-00C04F79EFBC}") = "TestsOfSerializations", "TestsOfSerializations\TestsOfSerializations.csproj", "{3C332270-0F36-4FC9-BB30-8BBC8B0AEAC8}"
EndProject
Global
	GlobalSection(SolutionConfigurationPlatforms) = preSolution
		Debug|Any CPU = Debug|Any CPU
		Release|Any CPU = Release|Any CPU
	EndGlobalSection
	GlobalSection(ProjectConfigurationPlatforms) = postSolution
		{BBF3FDE2-87A3-4392-8FB3-8CA91EB7F056}.Debug|Any CPU.ActiveCfg = Debug|Any CPU
		{BBF3FDE2-87A3-4392-8FB3-8CA91EB7F056}.Debug|Any CPU.Build.0 = Debug|Any CPU
		{BBF3FDE2-87A3-4392-8FB3-8CA91EB7F056}.Release|Any CPU.ActiveCfg = Release|Any CPU
		{BBF3FDE2-87A3-4392-8FB3-8CA91EB7F056}.Release|Any CPU.Build.0 = Release|Any CPU
		{65E65592-69F7-4F8E-812B-876A2F747C4B}.Debug|Any CPU.ActiveCfg = Debug|Any CPU
		{65E65592-69F7-4F8E-812B-876A2F747C4B}.Debug|Any CPU.Build.0 = Debug|Any CPU
		{65E65592-69F7-4F8E-812B-876A2F747C4B}.Release|Any CPU.ActiveCfg = Release|Any CPU
		{65E65592-69F7-4F8E-812B-876A2F747C4B}.Release|Any CPU.Build.0 = Release|Any CPU
		{AFA6E5B8-88F3-44C5-9623-657B9FBB16E2}.Debug|Any CPU.ActiveCfg = Debug|Any CPU
		{AFA6E5B8-88F3-44C5-9623-657B9FBB16E2}.Debug|Any CPU.Build.0 = Debug|Any CPU
		{AFA6E5B8-88F3-44C5-9623-657B9FBB16E2}.Release|Any CPU.ActiveCfg = Release|Any CPU
		{AFA6E5B8-88F3-44C5-9623-657B9FBB16E2}.Release|Any CPU.Build.0 = Release|Any CPU
		{46E6D621-1E2D-4423-9D41-18138234F862}.Debug|Any CPU.ActiveCfg = Debug|Any CPU
		{46E6D621-1E2D-4423-9D41-18138234F862}.Debug|Any CPU.Build.0 = Debug|Any CPU
		{46E6D621-1E2D-4423-9D41-18138234F862}.Release|Any CPU.ActiveCfg = Release|Any CPU
		{46E6D621-1E2D-4423-9D41-18138234F862}.Release|Any CPU.Build.0 = Release|Any CPU
		{3C332270-0F36-4FC9-BB30-8BBC8B0AEAC8}.Debug|Any CPU.ActiveCfg = Debug|Any CPU
		{3C332270-0F36-4FC9-BB30-8BBC8B0AEAC8}.Debug|Any CPU.Build.0 = Debug|Any CPU
		{3C332270-0F36-4FC9-BB30-8BBC8B0AEAC8}.Release|Any CPU.ActiveCfg = Release|Any CPU
		{3C332270-0F36-4FC9-BB30-8BBC8B0AEAC8}.Release|Any CPU.Build.0 = Release|Any CPU
	EndGlobalSection
	GlobalSection(SolutionProperties) = preSolution
		HideSolutionNode = FALSE
	EndGlobalSection
	GlobalSection(ExtensibilityGlobals) = postSolution
		SolutionGuid = {B24AB1C5-1FD4-4C13-875C-3BB1815A0EEC}
	EndGlobalSection
EndGlobal
