
Microsoft Visual Studio Solution File, Format Version 12.00
# Visual Studio 15
VisualStudioVersion = 15.0.28307.852
MinimumVisualStudioVersion = 10.0.40219.1
Project("{FAE04EC0-301F-11D3-BF4B-00C04F79EFBC}") = "TestClasses", "TestClasses\TestClasses.csproj", "{E337B245-C8A1-484B-A3F8-E4CFE30E6D3F}"
EndProject
Project("{FAE04EC0-301F-11D3-BF4B-00C04F79EFBC}") = "SerializationDeserializationTest", "SerializationDeserializationTest\SerializationDeserializationTest.csproj", "{DF8A2B5C-D79E-4642-9FC3-FCCC0B39B501}"
EndProject
Project("{FAE04EC0-301F-11D3-BF4B-00C04F79EFBC}") = "ConsoleTask2", "ConsoleTask2\ConsoleTask2.csproj", "{E5AC5132-7612-45E8-84EA-371DA9A0EAC2}"
EndProject
Global
	GlobalSection(SolutionConfigurationPlatforms) = preSolution
		Debug|Any CPU = Debug|Any CPU
		Release|Any CPU = Release|Any CPU
	EndGlobalSection
	GlobalSection(ProjectConfigurationPlatforms) = postSolution
		{E337B245-C8A1-484B-A3F8-E4CFE30E6D3F}.Debug|Any CPU.ActiveCfg = Debug|Any CPU
		{E337B245-C8A1-484B-A3F8-E4CFE30E6D3F}.Debug|Any CPU.Build.0 = Debug|Any CPU
		{E337B245-C8A1-484B-A3F8-E4CFE30E6D3F}.Release|Any CPU.ActiveCfg = Release|Any CPU
		{E337B245-C8A1-484B-A3F8-E4CFE30E6D3F}.Release|Any CPU.Build.0 = Release|Any CPU
		{DF8A2B5C-D79E-4642-9FC3-FCCC0B39B501}.Debug|Any CPU.ActiveCfg = Debug|Any CPU
		{DF8A2B5C-D79E-4642-9FC3-FCCC0B39B501}.Debug|Any CPU.Build.0 = Debug|Any CPU
		{DF8A2B5C-D79E-4642-9FC3-FCCC0B39B501}.Release|Any CPU.ActiveCfg = Release|Any CPU
		{DF8A2B5C-D79E-4642-9FC3-FCCC0B39B501}.Release|Any CPU.Build.0 = Release|Any CPU
		{E5AC5132-7612-45E8-84EA-371DA9A0EAC2}.Debug|Any CPU.ActiveCfg = Debug|Any CPU
		{E5AC5132-7612-45E8-84EA-371DA9A0EAC2}.Debug|Any CPU.Build.0 = Debug|Any CPU
		{E5AC5132-7612-45E8-84EA-371DA9A0EAC2}.Release|Any CPU.ActiveCfg = Release|Any CPU
		{E5AC5132-7612-45E8-84EA-371DA9A0EAC2}.Release|Any CPU.Build.0 = Release|Any CPU
	EndGlobalSection
	GlobalSection(SolutionProperties) = preSolution
		HideSolutionNode = FALSE
	EndGlobalSection
	GlobalSection(ExtensibilityGlobals) = postSolution
		SolutionGuid = {B24AB1C5-1FD4-4C13-875C-3BB1815A0EEC}
	EndGlobalSection
EndGlobal
